<?xml version="1.0" encoding="UTF-8" standalone="yes" ?>
<CodeBlocks_project_file>
	<FileVersion major="1" minor="6" />
	<Project>
		<Option title="C_FTPServer" />
		<Option pch_mode="2" />
		<Option compiler="gcc" />
		<Build>
			<Target title="Debug">
				<Option output="bin/Debug/C_FTPServer" prefix_auto="1" extension_auto="1" />
				<Option object_output="obj/Debug/" />
				<Option type="1" />
				<Option compiler="gcc" />
				<Compiler>
					<Add option="-g" />
				</Compiler>
			</Target>
			<Target title="Release">
				<Option output="bin/Release/C_FTPServer" prefix_auto="1" extension_auto="1" />
				<Option object_output="obj/Release/" />
				<Option type="1" />
				<Option compiler="gcc" />
				<Compiler>
					<Add option="-O2" />
				</Compiler>
				<Linker>
					<Add option="-s" />
				</Linker>
			</Target>
		</Build>
		<Compiler>
			<Add option="-Wall" />
		</Compiler>
		<Unit filename="ftp_server" />
		<Unit filename="inc/ftp_impl.h" />
		<Unit filename="inc/socket_wrapper.h" />
		<Unit filename="inc/socket_wrapper_impl.h" />
		<Unit filename="inc/thread_pool.h" />
		<Unit filename="src/ftp_impl.c">
			<Option compilerVar="CC" />
		</Unit>
		<Unit filename="src/main/main.c">
			<Option compilerVar="CC" />
		</Unit>
		<Unit filename="src/socket_wrapper_impl.c">
			<Option compilerVar="CC" />
		</Unit>
		<Unit filename="src/thread_pool.c">
			<Option compilerVar="CC" />
		</Unit>
		<Unit filename="test/test.c">
			<Option compilerVar="CC" />
		</Unit>
		<Extensions>
			<code_completion />
			<debugger />
		</Extensions>
	</Project>
</CodeBlocks_project_file>
